{
  "name": "weather",
  "version": "1.0.0",
  "lockfileVersion": 1,
  "requires": true,
  "dependencies": {
    "openweather-apis": {
      "version": "4.3.1",
      "resolved": "https://registry.npmjs.org/openweather-apis/-/openweather-apis-4.3.1.tgz",
      "integrity": "sha512-1QuLVtYMCcZm7w9UVlJIbVsvA5ecDVU/jiumlxCVsSeFXrGHc7ko60PFt+GabpPIfTgnzp/G7lULHB+iTEvXvQ=="
    }
  }
}
